
Microsoft Visual Studio Solution File, Format Version 12.00
# Visual Studio Version 17
VisualStudioVersion = 17.7.34202.233
MinimumVisualStudioVersion = 10.0.40219.1
Project("{FAE04EC0-301F-11D3-BF4B-00C04F79EFBC}") = "mini-package-api", "mini-package-api\mini-package-api.csproj", "{33F1C5F7-B77F-42A4-B258-388E4E2C5B85}"
EndProject
Global
	GlobalSection(SolutionConfigurationPlatforms) = preSolution
		Debug|Any CPU = Debug|Any CPU
		Release|Any CPU = Release|Any CPU
	EndGlobalSection
	GlobalSection(ProjectConfigurationPlatforms) = postSolution
		{33F1C5F7-B77F-42A4-B258-388E4E2C5B85}.Debug|Any CPU.ActiveCfg = Debug|Any CPU
		{33F1C5F7-B77F-42A4-B258-388E4E2C5B85}.Debug|Any CPU.Build.0 = Debug|Any CPU
		{33F1C5F7-B77F-42A4-B258-388E4E2C5B85}.Release|Any CPU.ActiveCfg = Release|Any CPU
		{33F1C5F7-B77F-42A4-B258-388E4E2C5B85}.Release|Any CPU.Build.0 = Release|Any CPU
	EndGlobalSection
	GlobalSection(SolutionProperties) = preSolution
		HideSolutionNode = FALSE
	EndGlobalSection
	GlobalSection(ExtensibilityGlobals) = postSolution
		SolutionGuid = {197306D2-B84D-451B-8D1A-3D59BE6EB48E}
	EndGlobalSection
EndGlobal
